// !$*UTF8*$!
{
	archiveVersion = 1;
	classes = {
	};
	objectVersion = 55;
	objects = {

/* Begin PBXBuildFile section */
		A106588F2889AF35001E315B /* ReferenceGraphTests.swift in Sources */ = {isa = PBXBuildFile; fileRef = A106588E2889AF35001E315B /* ReferenceGraphTests.swift */; };
		A121B62928890FB80021A174 /* RefGraphApp.swift in Sources */ = {isa = PBXBuildFile; fileRef = A121B62828890FB80021A174 /* RefGraphApp.swift */; };
		A121B62B28890FB80021A174 /* ContentView.swift in Sources */ = {isa = PBXBuildFile; fileRef = A121B62A28890FB80021A174 /* ContentView.swift */; };
		A121B62D28890FB90021A174 /* Assets.xcassets in Resources */ = {isa = PBXBuildFile; fileRef = A121B62C28890FB90021A174 /* Assets.xcassets */; };
		A121B63028890FB90021A174 /* Preview Assets.xcassets in Resources */ = {isa = PBXBuildFile; fileRef = A121B62F28890FB90021A174 /* Preview Assets.xcassets */; };
		A121B657288912420021A174 /* Vertex.swift in Sources */ = {isa = PBXBuildFile; fileRef = A121B656288912420021A174 /* Vertex.swift */; };
		A121B65F288973A10021A174 /* SomeGraph.swift in Sources */ = {isa = PBXBuildFile; fileRef = A121B65E288973A10021A174 /* SomeGraph.swift */; };
		A19F37E22889B90F00F7FB4A /* EdgeShape.swift in Sources */ = {isa = PBXBuildFile; fileRef = A19F37E12889B90F00F7FB4A /* EdgeShape.swift */; };
		A19F37E42889BDD000F7FB4A /* GridView.swift in Sources */ = {isa = PBXBuildFile; fileRef = A19F37E32889BDD000F7FB4A /* GridView.swift */; };
		A19F37E62889C4B900F7FB4A /* NodeView.swift in Sources */ = {isa = PBXBuildFile; fileRef = A19F37E52889C4B900F7FB4A /* NodeView.swift */; };
		A1C4AE88288D80260084DA0F /* Edge.swift in Sources */ = {isa = PBXBuildFile; fileRef = A1C4AE87288D80260084DA0F /* Edge.swift */; };
		A1C4AE8A288DB17D0084DA0F /* Vector2D.swift in Sources */ = {isa = PBXBuildFile; fileRef = A1C4AE89288DB17D0084DA0F /* Vector2D.swift */; };
		A1C4AE8C288DC0180084DA0F /* CGPoint+Coordinate.swift in Sources */ = {isa = PBXBuildFile; fileRef = A1C4AE8B288DC0180084DA0F /* CGPoint+Coordinate.swift */; };
		A1E772D32892E09700BF5A67 /* StaticReferencesDataStore.swift in Sources */ = {isa = PBXBuildFile; fileRef = A1E772D22892E09700BF5A67 /* StaticReferencesDataStore.swift */; };
		A1E772D52892E0D500BF5A67 /* Reference.swift in Sources */ = {isa = PBXBuildFile; fileRef = A1E772D42892E0D500BF5A67 /* Reference.swift */; };
		A1E772D72892E27200BF5A67 /* DummyReferencesDataStore.swift in Sources */ = {isa = PBXBuildFile; fileRef = A1E772D62892E27200BF5A67 /* DummyReferencesDataStore.swift */; };
		A1E772D92892E27A00BF5A67 /* ReferencesDataStore.swift in Sources */ = {isa = PBXBuildFile; fileRef = A1E772D82892E27A00BF5A67 /* ReferencesDataStore.swift */; };
		A1E772DB2892E5EA00BF5A67 /* ReferencesRepository.swift in Sources */ = {isa = PBXBuildFile; fileRef = A1E772DA2892E5EA00BF5A67 /* ReferencesRepository.swift */; };
		A1E772DF2892ED5100BF5A67 /* ReferenceFormView.swift in Sources */ = {isa = PBXBuildFile; fileRef = A1E772DE2892ED5100BF5A67 /* ReferenceFormView.swift */; };
		A1E772E12892EFB100BF5A67 /* AccentButtonView.swift in Sources */ = {isa = PBXBuildFile; fileRef = A1E772E02892EFB000BF5A67 /* AccentButtonView.swift */; };
		A1E772E62893002100BF5A67 /* ReferenceGraphViewModel.swift in Sources */ = {isa = PBXBuildFile; fileRef = A1E772E52893002100BF5A67 /* ReferenceGraphViewModel.swift */; };
		A1EADDCF288DC26B00EFFF35 /* Graphable.swift in Sources */ = {isa = PBXBuildFile; fileRef = A1EADDCE288DC26B00EFFF35 /* Graphable.swift */; };
/* End PBXBuildFile section */

/* Begin PBXContainerItemProxy section */
		A121B63628890FB90021A174 /* PBXContainerItemProxy */ = {
			isa = PBXContainerItemProxy;
			containerPortal = A121B61D28890FB80021A174 /* Project object */;
			proxyType = 1;
			remoteGlobalIDString = A121B62428890FB80021A174;
			remoteInfo = RefGraph;
		};
/* End PBXContainerItemProxy section */

/* Begin PBXFileReference section */
		A106588E2889AF35001E315B /* ReferenceGraphTests.swift */ = {isa = PBXFileReference; lastKnownFileType = sourcecode.swift; path = ReferenceGraphTests.swift; sourceTree = "<group>"; };
		A121B62528890FB80021A174 /* RefGraph.app */ = {isa = PBXFileReference; explicitFileType = wrapper.application; includeInIndex = 0; path = RefGraph.app; sourceTree = BUILT_PRODUCTS_DIR; };
		A121B62828890FB80021A174 /* RefGraphApp.swift */ = {isa = PBXFileReference; lastKnownFileType = sourcecode.swift; path = RefGraphApp.swift; sourceTree = "<group>"; };
		A121B62A28890FB80021A174 /* ContentView.swift */ = {isa = PBXFileReference; lastKnownFileType = sourcecode.swift; path = ContentView.swift; sourceTree = "<group>"; };
		A121B62C28890FB90021A174 /* Assets.xcassets */ = {isa = PBXFileReference; lastKnownFileType = folder.assetcatalog; path = Assets.xcassets; sourceTree = "<group>"; };
		A121B62F28890FB90021A174 /* Preview Assets.xcassets */ = {isa = PBXFileReference; lastKnownFileType = folder.assetcatalog; path = "Preview Assets.xcassets"; sourceTree = "<group>"; };
		A121B63528890FB90021A174 /* RefGraphTests.xctest */ = {isa = PBXFileReference; explicitFileType = wrapper.cfbundle; includeInIndex = 0; path = RefGraphTests.xctest; sourceTree = BUILT_PRODUCTS_DIR; };
		A121B656288912420021A174 /* Vertex.swift */ = {isa = PBXFileReference; lastKnownFileType = sourcecode.swift; path = Vertex.swift; sourceTree = "<group>"; };
		A121B65E288973A10021A174 /* SomeGraph.swift */ = {isa = PBXFileReference; lastKnownFileType = sourcecode.swift; path = SomeGraph.swift; sourceTree = "<group>"; };
		A19F37E12889B90F00F7FB4A /* EdgeShape.swift */ = {isa = PBXFileReference; lastKnownFileType = sourcecode.swift; path = EdgeShape.swift; sourceTree = "<group>"; };
		A19F37E32889BDD000F7FB4A /* GridView.swift */ = {isa = PBXFileReference; lastKnownFileType = sourcecode.swift; path = GridView.swift; sourceTree = "<group>"; };
		A19F37E52889C4B900F7FB4A /* NodeView.swift */ = {isa = PBXFileReference; lastKnownFileType = sourcecode.swift; path = NodeView.swift; sourceTree = "<group>"; };
		A1C4AE87288D80260084DA0F /* Edge.swift */ = {isa = PBXFileReference; lastKnownFileType = sourcecode.swift; path = Edge.swift; sourceTree = "<group>"; };
		A1C4AE89288DB17D0084DA0F /* Vector2D.swift */ = {isa = PBXFileReference; lastKnownFileType = sourcecode.swift; path = Vector2D.swift; sourceTree = "<group>"; };
		A1C4AE8B288DC0180084DA0F /* CGPoint+Coordinate.swift */ = {isa = PBXFileReference; lastKnownFileType = sourcecode.swift; path = "CGPoint+Coordinate.swift"; sourceTree = "<group>"; };
		A1E772D22892E09700BF5A67 /* StaticReferencesDataStore.swift */ = {isa = PBXFileReference; lastKnownFileType = sourcecode.swift; path = StaticReferencesDataStore.swift; sourceTree = "<group>"; };
		A1E772D42892E0D500BF5A67 /* Reference.swift */ = {isa = PBXFileReference; lastKnownFileType = sourcecode.swift; path = Reference.swift; sourceTree = "<group>"; };
		A1E772D62892E27200BF5A67 /* DummyReferencesDataStore.swift */ = {isa = PBXFileReference; lastKnownFileType = sourcecode.swift; path = DummyReferencesDataStore.swift; sourceTree = "<group>"; };
		A1E772D82892E27A00BF5A67 /* ReferencesDataStore.swift */ = {isa = PBXFileReference; lastKnownFileType = sourcecode.swift; path = ReferencesDataStore.swift; sourceTree = "<group>"; };
		A1E772DA2892E5EA00BF5A67 /* ReferencesRepository.swift */ = {isa = PBXFileReference; lastKnownFileType = sourcecode.swift; path = ReferencesRepository.swift; sourceTree = "<group>"; };
		A1E772DE2892ED5100BF5A67 /* ReferenceFormView.swift */ = {isa = PBXFileReference; lastKnownFileType = sourcecode.swift; path = ReferenceFormView.swift; sourceTree = "<group>"; };
		A1E772E02892EFB000BF5A67 /* AccentButtonView.swift */ = {isa = PBXFileReference; lastKnownFileType = sourcecode.swift; path = AccentButtonView.swift; sourceTree = "<group>"; };
		A1E772E52893002100BF5A67 /* ReferenceGraphViewModel.swift */ = {isa = PBXFileReference; lastKnownFileType = sourcecode.swift; path = ReferenceGraphViewModel.swift; sourceTree = "<group>"; };
		A1EADDCE288DC26B00EFFF35 /* Graphable.swift */ = {isa = PBXFileReference; fileEncoding = 4; lastKnownFileType = sourcecode.swift; path = Graphable.swift; sourceTree = "<group>"; };
/* End PBXFileReference section */

/* Begin PBXFrameworksBuildPhase section */
		A121B62228890FB80021A174 /* Frameworks */ = {
			isa = PBXFrameworksBuildPhase;
			buildActionMask = 2147483647;
			files = (
			);
			runOnlyForDeploymentPostprocessing = 0;
		};
		A121B63228890FB90021A174 /* Frameworks */ = {
			isa = PBXFrameworksBuildPhase;
			buildActionMask = 2147483647;
			files = (
			);
			runOnlyForDeploymentPostprocessing = 0;
		};
/* End PBXFrameworksBuildPhase section */

/* Begin PBXGroup section */
		A106588D2889AF2B001E315B /* Model */ = {
			isa = PBXGroup;
			children = (
				A106588E2889AF35001E315B /* ReferenceGraphTests.swift */,
			);
			path = Model;
			sourceTree = "<group>";
		};
		A121B61C28890FB80021A174 = {
			isa = PBXGroup;
			children = (
				A121B62728890FB80021A174 /* RefGraph */,
				A121B63828890FB90021A174 /* RefGraphTests */,
				A121B62628890FB80021A174 /* Products */,
			);
			sourceTree = "<group>";
		};
		A121B62628890FB80021A174 /* Products */ = {
			isa = PBXGroup;
			children = (
				A121B62528890FB80021A174 /* RefGraph.app */,
				A121B63528890FB90021A174 /* RefGraphTests.xctest */,
			);
			name = Products;
			sourceTree = "<group>";
		};
		A121B62728890FB80021A174 /* RefGraph */ = {
			isa = PBXGroup;
			children = (
				A1E772E42892FFE800BF5A67 /* ViewModel */,
				A1E772D12892DF8A00BF5A67 /* Data */,
				A19F37DE2889B85400F7FB4A /* Helper */,
				A121B6532889115B0021A174 /* View */,
				A121B6522889114C0021A174 /* Model */,
				A121B62828890FB80021A174 /* RefGraphApp.swift */,
				A121B62C28890FB90021A174 /* Assets.xcassets */,
				A121B62E28890FB90021A174 /* Preview Content */,
			);
			path = RefGraph;
			sourceTree = "<group>";
		};
		A121B62E28890FB90021A174 /* Preview Content */ = {
			isa = PBXGroup;
			children = (
				A121B62F28890FB90021A174 /* Preview Assets.xcassets */,
			);
			path = "Preview Content";
			sourceTree = "<group>";
		};
		A121B63828890FB90021A174 /* RefGraphTests */ = {
			isa = PBXGroup;
			children = (
				A106588D2889AF2B001E315B /* Model */,
			);
			path = RefGraphTests;
			sourceTree = "<group>";
		};
		A121B6522889114C0021A174 /* Model */ = {
			isa = PBXGroup;
			children = (
				A1EADDCE288DC26B00EFFF35 /* Graphable.swift */,
				A121B656288912420021A174 /* Vertex.swift */,
				A121B65E288973A10021A174 /* SomeGraph.swift */,
				A1C4AE87288D80260084DA0F /* Edge.swift */,
				A1C4AE89288DB17D0084DA0F /* Vector2D.swift */,
				A1E772D42892E0D500BF5A67 /* Reference.swift */,
			);
			path = Model;
			sourceTree = "<group>";
		};
		A121B6532889115B0021A174 /* View */ = {
			isa = PBXGroup;
			children = (
				A121B62A28890FB80021A174 /* ContentView.swift */,
				A19F37E12889B90F00F7FB4A /* EdgeShape.swift */,
				A19F37E32889BDD000F7FB4A /* GridView.swift */,
				A19F37E52889C4B900F7FB4A /* NodeView.swift */,
				A1E772DE2892ED5100BF5A67 /* ReferenceFormView.swift */,
				A1E772E02892EFB000BF5A67 /* AccentButtonView.swift */,
			);
			path = View;
			sourceTree = "<group>";
		};
		A19F37DE2889B85400F7FB4A /* Helper */ = {
			isa = PBXGroup;
			children = (
				A1C4AE8B288DC0180084DA0F /* CGPoint+Coordinate.swift */,
			);
			path = Helper;
			sourceTree = "<group>";
		};
		A1E772D12892DF8A00BF5A67 /* Data */ = {
			isa = PBXGroup;
			children = (
				A1E772D22892E09700BF5A67 /* StaticReferencesDataStore.swift */,
				A1E772D62892E27200BF5A67 /* DummyReferencesDataStore.swift */,
				A1E772D82892E27A00BF5A67 /* ReferencesDataStore.swift */,
				A1E772DA2892E5EA00BF5A67 /* ReferencesRepository.swift */,
			);
			path = Data;
			sourceTree = "<group>";
		};
		A1E772E42892FFE800BF5A67 /* ViewModel */ = {
			isa = PBXGroup;
			children = (
				A1E772E52893002100BF5A67 /* ReferenceGraphViewModel.swift */,
			);
			path = ViewModel;
			sourceTree = "<group>";
		};
/* End PBXGroup section */

/* Begin PBXNativeTarget section */
		A121B62428890FB80021A174 /* RefGraph */ = {
			isa = PBXNativeTarget;
			buildConfigurationList = A121B64928890FBA0021A174 /* Build configuration list for PBXNativeTarget "RefGraph" */;
			buildPhases = (
				A121B62128890FB80021A174 /* Sources */,
				A121B62228890FB80021A174 /* Frameworks */,
				A121B62328890FB80021A174 /* Resources */,
			);
			buildRules = (
			);
			dependencies = (
			);
			name = RefGraph;
			productName = RefGraph;
			productReference = A121B62528890FB80021A174 /* RefGraph.app */;
			productType = "com.apple.product-type.application";
		};
		A121B63428890FB90021A174 /* RefGraphTests */ = {
			isa = PBXNativeTarget;
			buildConfigurationList = A121B64C28890FBA0021A174 /* Build configuration list for PBXNativeTarget "RefGraphTests" */;
			buildPhases = (
				A121B63128890FB90021A174 /* Sources */,
				A121B63228890FB90021A174 /* Frameworks */,
				A121B63328890FB90021A174 /* Resources */,
			);
			buildRules = (
			);
			dependencies = (
				A121B63728890FB90021A174 /* PBXTargetDependency */,
			);
			name = RefGraphTests;
			productName = RefGraphTests;
			productReference = A121B63528890FB90021A174 /* RefGraphTests.xctest */;
			productType = "com.apple.product-type.bundle.unit-test";
		};
/* End PBXNativeTarget section */

/* Begin PBXProject section */
		A121B61D28890FB80021A174 /* Project object */ = {
			isa = PBXProject;
			attributes = {
				BuildIndependentTargetsInParallel = 1;
				LastSwiftUpdateCheck = 1340;
				LastUpgradeCheck = 1340;
				TargetAttributes = {
					A121B62428890FB80021A174 = {
						CreatedOnToolsVersion = 13.4.1;
					};
					A121B63428890FB90021A174 = {
						CreatedOnToolsVersion = 13.4.1;
						TestTargetID = A121B62428890FB80021A174;
					};
				};
			};
			buildConfigurationList = A121B62028890FB80021A174 /* Build configuration list for PBXProject "RefGraph" */;
			compatibilityVersion = "Xcode 13.0";
			developmentRegion = en;
			hasScannedForEncodings = 0;
			knownRegions = (
				en,
				Base,
			);
			mainGroup = A121B61C28890FB80021A174;
			productRefGroup = A121B62628890FB80021A174 /* Products */;
			projectDirPath = "";
			projectRoot = "";
			targets = (
				A121B62428890FB80021A174 /* RefGraph */,
				A121B63428890FB90021A174 /* RefGraphTests */,
			);
		};
/* End PBXProject section */

/* Begin PBXResourcesBuildPhase section */
		A121B62328890FB80021A174 /* Resources */ = {
			isa = PBXResourcesBuildPhase;
			buildActionMask = 2147483647;
			files = (
				A121B63028890FB90021A174 /* Preview Assets.xcassets in Resources */,
				A121B62D28890FB90021A174 /* Assets.xcassets in Resources */,
			);
			runOnlyForDeploymentPostprocessing = 0;
		};
		A121B63328890FB90021A174 /* Resources */ = {
			isa = PBXResourcesBuildPhase;
			buildActionMask = 2147483647;
			files = (
			);
			runOnlyForDeploymentPostprocessing = 0;
		};
/* End PBXResourcesBuildPhase section */

/* Begin PBXSourcesBuildPhase section */
		A121B62128890FB80021A174 /* Sources */ = {
			isa = PBXSourcesBuildPhase;
			buildActionMask = 2147483647;
			files = (
				A1E772E12892EFB100BF5A67 /* AccentButtonView.swift in Sources */,
				A1EADDCF288DC26B00EFFF35 /* Graphable.swift in Sources */,
				A19F37E22889B90F00F7FB4A /* EdgeShape.swift in Sources */,
				A121B65F288973A10021A174 /* SomeGraph.swift in Sources */,
				A1E772E62893002100BF5A67 /* ReferenceGraphViewModel.swift in Sources */,
				A1E772D32892E09700BF5A67 /* StaticReferencesDataStore.swift in Sources */,
				A1E772D52892E0D500BF5A67 /* Reference.swift in Sources */,
				A121B62B28890FB80021A174 /* ContentView.swift in Sources */,
				A121B62928890FB80021A174 /* RefGraphApp.swift in Sources */,
				A1E772DB2892E5EA00BF5A67 /* ReferencesRepository.swift in Sources */,
				A19F37E62889C4B900F7FB4A /* NodeView.swift in Sources */,
				A1C4AE8A288DB17D0084DA0F /* Vector2D.swift in Sources */,
				A19F37E42889BDD000F7FB4A /* GridView.swift in Sources */,
				A1E772D92892E27A00BF5A67 /* ReferencesDataStore.swift in Sources */,
				A1C4AE88288D80260084DA0F /* Edge.swift in Sources */,
				A1C4AE8C288DC0180084DA0F /* CGPoint+Coordinate.swift in Sources */,
				A1E772D72892E27200BF5A67 /* DummyReferencesDataStore.swift in Sources */,
				A1E772DF2892ED5100BF5A67 /* ReferenceFormView.swift in Sources */,
				A121B657288912420021A174 /* Vertex.swift in Sources */,
			);
			runOnlyForDeploymentPostprocessing = 0;
		};
		A121B63128890FB90021A174 /* Sources */ = {
			isa = PBXSourcesBuildPhase;
			buildActionMask = 2147483647;
			files = (
				A106588F2889AF35001E315B /* ReferenceGraphTests.swift in Sources */,
			);
			runOnlyForDeploymentPostprocessing = 0;
		};
/* End PBXSourcesBuildPhase section */

/* Begin PBXTargetDependency section */
		A121B63728890FB90021A174 /* PBXTargetDependency */ = {
			isa = PBXTargetDependency;
			target = A121B62428890FB80021A174 /* RefGraph */;
			targetProxy = A121B63628890FB90021A174 /* PBXContainerItemProxy */;
		};
/* End PBXTargetDependency section */

/* Begin XCBuildConfiguration section */
		A121B64728890FBA0021A174 /* Debug */ = {
			isa = XCBuildConfiguration;
			buildSettings = {
				ALWAYS_SEARCH_USER_PATHS = NO;
				CLANG_ANALYZER_NONNULL = YES;
				CLANG_ANALYZER_NUMBER_OBJECT_CONVERSION = YES_AGGRESSIVE;
				CLANG_CXX_LANGUAGE_STANDARD = "gnu++17";
				CLANG_ENABLE_MODULES = YES;
				CLANG_ENABLE_OBJC_ARC = YES;
				CLANG_ENABLE_OBJC_WEAK = YES;
				CLANG_WARN_BLOCK_CAPTURE_AUTORELEASING = YES;
				CLANG_WARN_BOOL_CONVERSION = YES;
				CLANG_WARN_COMMA = YES;
				CLANG_WARN_CONSTANT_CONVERSION = YES;
				CLANG_WARN_DEPRECATED_OBJC_IMPLEMENTATIONS = YES;
				CLANG_WARN_DIRECT_OBJC_ISA_USAGE = YES_ERROR;
				CLANG_WARN_DOCUMENTATION_COMMENTS = YES;
				CLANG_WARN_EMPTY_BODY = YES;
				CLANG_WARN_ENUM_CONVERSION = YES;
				CLANG_WARN_INFINITE_RECURSION = YES;
				CLANG_WARN_INT_CONVERSION = YES;
				CLANG_WARN_NON_LITERAL_NULL_CONVERSION = YES;
				CLANG_WARN_OBJC_IMPLICIT_RETAIN_SELF = YES;
				CLANG_WARN_OBJC_LITERAL_CONVERSION = YES;
				CLANG_WARN_OBJC_ROOT_CLASS = YES_ERROR;
				CLANG_WARN_QUOTED_INCLUDE_IN_FRAMEWORK_HEADER = YES;
				CLANG_WARN_RANGE_LOOP_ANALYSIS = YES;
				CLANG_WARN_STRICT_PROTOTYPES = YES;
				CLANG_WARN_SUSPICIOUS_MOVE = YES;
				CLANG_WARN_UNGUARDED_AVAILABILITY = YES_AGGRESSIVE;
				CLANG_WARN_UNREACHABLE_CODE = YES;
				CLANG_WARN__DUPLICATE_METHOD_MATCH = YES;
				COPY_PHASE_STRIP = NO;
				DEBUG_INFORMATION_FORMAT = dwarf;
				ENABLE_STRICT_OBJC_MSGSEND = YES;
				ENABLE_TESTABILITY = YES;
				GCC_C_LANGUAGE_STANDARD = gnu11;
				GCC_DYNAMIC_NO_PIC = NO;
				GCC_NO_COMMON_BLOCKS = YES;
				GCC_OPTIMIZATION_LEVEL = 0;
				GCC_PREPROCESSOR_DEFINITIONS = (
					"DEBUG=1",
					"$(inherited)",
				);
				GCC_WARN_64_TO_32_BIT_CONVERSION = YES;
				GCC_WARN_ABOUT_RETURN_TYPE = YES_ERROR;
				GCC_WARN_UNDECLARED_SELECTOR = YES;
				GCC_WARN_UNINITIALIZED_AUTOS = YES_AGGRESSIVE;
				GCC_WARN_UNUSED_FUNCTION = YES;
				GCC_WARN_UNUSED_VARIABLE = YES;
				IPHONEOS_DEPLOYMENT_TARGET = 15.5;
				MTL_ENABLE_DEBUG_INFO = INCLUDE_SOURCE;
				MTL_FAST_MATH = YES;
				ONLY_ACTIVE_ARCH = YES;
				SDKROOT = iphoneos;
				SWIFT_ACTIVE_COMPILATION_CONDITIONS = DEBUG;
				SWIFT_OPTIMIZATION_LEVEL = "-Onone";
			};
			name = Debug;
		};
		A121B64828890FBA0021A174 /* Release */ = {
			isa = XCBuildConfiguration;
			buildSettings = {
				ALWAYS_SEARCH_USER_PATHS = NO;
				CLANG_ANALYZER_NONNULL = YES;
				CLANG_ANALYZER_NUMBER_OBJECT_CONVERSION = YES_AGGRESSIVE;
				CLANG_CXX_LANGUAGE_STANDARD = "gnu++17";
				CLANG_ENABLE_MODULES = YES;
				CLANG_ENABLE_OBJC_ARC = YES;
				CLANG_ENABLE_OBJC_WEAK = YES;
				CLANG_WARN_BLOCK_CAPTURE_AUTORELEASING = YES;
				CLANG_WARN_BOOL_CONVERSION = YES;
				CLANG_WARN_COMMA = YES;
				CLANG_WARN_CONSTANT_CONVERSION = YES;
				CLANG_WARN_DEPRECATED_OBJC_IMPLEMENTATIONS = YES;
				CLANG_WARN_DIRECT_OBJC_ISA_USAGE = YES_ERROR;
				CLANG_WARN_DOCUMENTATION_COMMENTS = YES;
				CLANG_WARN_EMPTY_BODY = YES;
				CLANG_WARN_ENUM_CONVERSION = YES;
				CLANG_WARN_INFINITE_RECURSION = YES;
				CLANG_WARN_INT_CONVERSION = YES;
				CLANG_WARN_NON_LITERAL_NULL_CONVERSION = YES;
				CLANG_WARN_OBJC_IMPLICIT_RETAIN_SELF = YES;
				CLANG_WARN_OBJC_LITERAL_CONVERSION = YES;
				CLANG_WARN_OBJC_ROOT_CLASS = YES_ERROR;
				CLANG_WARN_QUOTED_INCLUDE_IN_FRAMEWORK_HEADER = YES;
				CLANG_WARN_RANGE_LOOP_ANALYSIS = YES;
				CLANG_WARN_STRICT_PROTOTYPES = YES;
				CLANG_WARN_SUSPICIOUS_MOVE = YES;
				CLANG_WARN_UNGUARDED_AVAILABILITY = YES_AGGRESSIVE;
				CLANG_WARN_UNREACHABLE_CODE = YES;
				CLANG_WARN__DUPLICATE_METHOD_MATCH = YES;
				COPY_PHASE_STRIP = NO;
				DEBUG_INFORMATION_FORMAT = "dwarf-with-dsym";
				ENABLE_NS_ASSERTIONS = NO;
				ENABLE_STRICT_OBJC_MSGSEND = YES;
				GCC_C_LANGUAGE_STANDARD = gnu11;
				GCC_NO_COMMON_BLOCKS = YES;
				GCC_WARN_64_TO_32_BIT_CONVERSION = YES;
				GCC_WARN_ABOUT_RETURN_TYPE = YES_ERROR;
				GCC_WARN_UNDECLARED_SELECTOR = YES;
				GCC_WARN_UNINITIALIZED_AUTOS = YES_AGGRESSIVE;
				GCC_WARN_UNUSED_FUNCTION = YES;
				GCC_WARN_UNUSED_VARIABLE = YES;
				IPHONEOS_DEPLOYMENT_TARGET = 15.5;
				MTL_ENABLE_DEBUG_INFO = NO;
				MTL_FAST_MATH = YES;
				SDKROOT = iphoneos;
				SWIFT_COMPILATION_MODE = wholemodule;
				SWIFT_OPTIMIZATION_LEVEL = "-O";
				VALIDATE_PRODUCT = YES;
			};
			name = Release;
		};
		A121B64A28890FBA0021A174 /* Debug */ = {
			isa = XCBuildConfiguration;
			buildSettings = {
				ASSETCATALOG_COMPILER_APPICON_NAME = AppIcon;
				ASSETCATALOG_COMPILER_GLOBAL_ACCENT_COLOR_NAME = AccentColor;
				CODE_SIGN_STYLE = Automatic;
				CURRENT_PROJECT_VERSION = 1;
				DEVELOPMENT_ASSET_PATHS = "\"RefGraph/Preview Content\"";
				DEVELOPMENT_TEAM = BSSPQ86GM6;
				ENABLE_PREVIEWS = YES;
				GENERATE_INFOPLIST_FILE = YES;
				INFOPLIST_KEY_UIApplicationSceneManifest_Generation = YES;
				INFOPLIST_KEY_UIApplicationSupportsIndirectInputEvents = YES;
				INFOPLIST_KEY_UILaunchScreen_Generation = YES;
				INFOPLIST_KEY_UISupportedInterfaceOrientations_iPad = "UIInterfaceOrientationPortrait UIInterfaceOrientationPortraitUpsideDown UIInterfaceOrientationLandscapeLeft UIInterfaceOrientationLandscapeRight";
				INFOPLIST_KEY_UISupportedInterfaceOrientations_iPhone = "UIInterfaceOrientationPortrait UIInterfaceOrientationLandscapeLeft UIInterfaceOrientationLandscapeRight";
				LD_RUNPATH_SEARCH_PATHS = (
					"$(inherited)",
					"@executable_path/Frameworks",
				);
				MARKETING_VERSION = 1.0;
				PRODUCT_BUNDLE_IDENTIFIER = com.salman.RefGraph;
				PRODUCT_NAME = "$(TARGET_NAME)";
				SWIFT_EMIT_LOC_STRINGS = YES;
				SWIFT_VERSION = 5.0;
				TARGETED_DEVICE_FAMILY = "1,2";
			};
			name = Debug;
		};
		A121B64B28890FBA0021A174 /* Release */ = {
			isa = XCBuildConfiguration;
			buildSettings = {
				ASSETCATALOG_COMPILER_APPICON_NAME = AppIcon;
				ASSETCATALOG_COMPILER_GLOBAL_ACCENT_COLOR_NAME = AccentColor;
				CODE_SIGN_STYLE = Automatic;
				CURRENT_PROJECT_VERSION = 1;
				DEVELOPMENT_ASSET_PATHS = "\"RefGraph/Preview Content\"";
				DEVELOPMENT_TEAM = BSSPQ86GM6;
				ENABLE_PREVIEWS = YES;
				GENERATE_INFOPLIST_FILE = YES;
				INFOPLIST_KEY_UIApplicationSceneManifest_Generation = YES;
				INFOPLIST_KEY_UIApplicationSupportsIndirectInputEvents = YES;
				INFOPLIST_KEY_UILaunchScreen_Generation = YES;
				INFOPLIST_KEY_UISupportedInterfaceOrientations_iPad = "UIInterfaceOrientationPortrait UIInterfaceOrientationPortraitUpsideDown UIInterfaceOrientationLandscapeLeft UIInterfaceOrientationLandscapeRight";
				INFOPLIST_KEY_UISupportedInterfaceOrientations_iPhone = "UIInterfaceOrientationPortrait UIInterfaceOrientationLandscapeLeft UIInterfaceOrientationLandscapeRight";
				LD_RUNPATH_SEARCH_PATHS = (
					"$(inherited)",
					"@executable_path/Frameworks",
				);
				MARKETING_VERSION = 1.0;
				PRODUCT_BUNDLE_IDENTIFIER = com.salman.RefGraph;
				PRODUCT_NAME = "$(TARGET_NAME)";
				SWIFT_EMIT_LOC_STRINGS = YES;
				SWIFT_VERSION = 5.0;
				TARGETED_DEVICE_FAMILY = "1,2";
			};
			name = Release;
		};
		A121B64D28890FBA0021A174 /* Debug */ = {
			isa = XCBuildConfiguration;
			buildSettings = {
				ALWAYS_EMBED_SWIFT_STANDARD_LIBRARIES = YES;
				BUNDLE_LOADER = "$(TEST_HOST)";
				CODE_SIGN_STYLE = Automatic;
				CURRENT_PROJECT_VERSION = 1;
				DEVELOPMENT_TEAM = BSSPQ86GM6;
				GENERATE_INFOPLIST_FILE = YES;
				IPHONEOS_DEPLOYMENT_TARGET = 15.5;
				MARKETING_VERSION = 1.0;
				PRODUCT_BUNDLE_IDENTIFIER = com.salman.RefGraphTests;
				PRODUCT_NAME = "$(TARGET_NAME)";
				SWIFT_EMIT_LOC_STRINGS = NO;
				SWIFT_VERSION = 5.0;
				TARGETED_DEVICE_FAMILY = "1,2";
				TEST_HOST = "$(BUILT_PRODUCTS_DIR)/RefGraph.app/RefGraph";
			};
			name = Debug;
		};
		A121B64E28890FBA0021A174 /* Release */ = {
			isa = XCBuildConfiguration;
			buildSettings = {
				ALWAYS_EMBED_SWIFT_STANDARD_LIBRARIES = YES;
				BUNDLE_LOADER = "$(TEST_HOST)";
				CODE_SIGN_STYLE = Automatic;
				CURRENT_PROJECT_VERSION = 1;
				DEVELOPMENT_TEAM = BSSPQ86GM6;
				GENERATE_INFOPLIST_FILE = YES;
				IPHONEOS_DEPLOYMENT_TARGET = 15.5;
				MARKETING_VERSION = 1.0;
				PRODUCT_BUNDLE_IDENTIFIER = com.salman.RefGraphTests;
				PRODUCT_NAME = "$(TARGET_NAME)";
				SWIFT_EMIT_LOC_STRINGS = NO;
				SWIFT_VERSION = 5.0;
				TARGETED_DEVICE_FAMILY = "1,2";
				TEST_HOST = "$(BUILT_PRODUCTS_DIR)/RefGraph.app/RefGraph";
			};
			name = Release;
		};
/* End XCBuildConfiguration section */

/* Begin XCConfigurationList section */
		A121B62028890FB80021A174 /* Build configuration list for PBXProject "RefGraph" */ = {
			isa = XCConfigurationList;
			buildConfigurations = (
				A121B64728890FBA0021A174 /* Debug */,
				A121B64828890FBA0021A174 /* Release */,
			);
			defaultConfigurationIsVisible = 0;
			defaultConfigurationName = Release;
		};
		A121B64928890FBA0021A174 /* Build configuration list for PBXNativeTarget "RefGraph" */ = {
			isa = XCConfigurationList;
			buildConfigurations = (
				A121B64A28890FBA0021A174 /* Debug */,
				A121B64B28890FBA0021A174 /* Release */,
			);
			defaultConfigurationIsVisible = 0;
			defaultConfigurationName = Release;
		};
		A121B64C28890FBA0021A174 /* Build configuration list for PBXNativeTarget "RefGraphTests" */ = {
			isa = XCConfigurationList;
			buildConfigurations = (
				A121B64D28890FBA0021A174 /* Debug */,
				A121B64E28890FBA0021A174 /* Release */,
			);
			defaultConfigurationIsVisible = 0;
			defaultConfigurationName = Release;
		};
/* End XCConfigurationList section */
	};
	rootObject = A121B61D28890FB80021A174 /* Project object */;
}
